
Microsoft Visual Studio Solution File, Format Version 12.00
# Visual Studio 15
VisualStudioVersion = 15.0.27703.2018
MinimumVisualStudioVersion = 10.0.40219.1
Project("{9092AA53-FB77-4645-B42D-1CCCA6BD08BD}") = "NodejsWebApp6", "NodejsWebApp6.njsproj", "{ABB74B70-FB64-4565-B97E-65D2FADB9C5A}"
EndProject
Global
	GlobalSection(SolutionConfigurationPlatforms) = preSolution
		Debug|Any CPU = Debug|Any CPU
		Release|Any CPU = Release|Any CPU
	EndGlobalSection
	GlobalSection(ProjectConfigurationPlatforms) = postSolution
		{ABB74B70-FB64-4565-B97E-65D2FADB9C5A}.Debug|Any CPU.ActiveCfg = Debug|Any CPU
		{ABB74B70-FB64-4565-B97E-65D2FADB9C5A}.Debug|Any CPU.Build.0 = Debug|Any CPU
		{ABB74B70-FB64-4565-B97E-65D2FADB9C5A}.Release|Any CPU.ActiveCfg = Release|Any CPU
		{ABB74B70-FB64-4565-B97E-65D2FADB9C5A}.Release|Any CPU.Build.0 = Release|Any CPU
	EndGlobalSection
	GlobalSection(SolutionProperties) = preSolution
		HideSolutionNode = FALSE
	EndGlobalSection
	GlobalSection(ExtensibilityGlobals) = postSolution
		SolutionGuid = {50299630-C7B8-4EE9-8B2E-6E423BD978B4}
	EndGlobalSection
EndGlobal
